
Microsoft Visual Studio Solution File, Format Version 12.00
# Visual Studio 15
VisualStudioVersion = 15.0.26124.0
MinimumVisualStudioVersion = 15.0.26124.0
Project("{2150E333-8FDC-42A3-9474-1A3956D46DE8}") = "src", "src", "{BBBDFD12-EBE3-47CF-9D13-95D8470240C6}"
EndProject
Project("{FAE04EC0-301F-11D3-BF4B-00C04F79EFBC}") = "Actio.Api", "src\Actio.Api\Actio.Api.csproj", "{69EDE2B2-F2CC-4560-B114-3F35E09032CD}"
EndProject
Project("{FAE04EC0-301F-11D3-BF4B-00C04F79EFBC}") = "Actio.Activities", "src\Actio.Activities\Actio.Activities.csproj", "{B4D4D30B-C60E-4994-806F-42073D5EF41B}"
EndProject
Project("{FAE04EC0-301F-11D3-BF4B-00C04F79EFBC}") = "Actio.Common", "src\Actio.Common\Actio.Common.csproj", "{EA2DCD25-F95E-417E-9443-75BAD9312939}"
EndProject
Project("{FAE04EC0-301F-11D3-BF4B-00C04F79EFBC}") = "Actio.identity", "src\Actio.Identity\Actio.identity.csproj", "{C2791F96-2F7A-4BC7-8CB2-63C2C3B1AF86}"
EndProject
Global
	GlobalSection(SolutionConfigurationPlatforms) = preSolution
		Debug|Any CPU = Debug|Any CPU
		Debug|x64 = Debug|x64
		Debug|x86 = Debug|x86
		Release|Any CPU = Release|Any CPU
		Release|x64 = Release|x64
		Release|x86 = Release|x86
	EndGlobalSection
	GlobalSection(SolutionProperties) = preSolution
		HideSolutionNode = FALSE
	EndGlobalSection
	GlobalSection(ProjectConfigurationPlatforms) = postSolution
		{69EDE2B2-F2CC-4560-B114-3F35E09032CD}.Debug|Any CPU.ActiveCfg = Debug|Any CPU
		{69EDE2B2-F2CC-4560-B114-3F35E09032CD}.Debug|Any CPU.Build.0 = Debug|Any CPU
		{69EDE2B2-F2CC-4560-B114-3F35E09032CD}.Debug|x64.ActiveCfg = Debug|Any CPU
		{69EDE2B2-F2CC-4560-B114-3F35E09032CD}.Debug|x64.Build.0 = Debug|Any CPU
		{69EDE2B2-F2CC-4560-B114-3F35E09032CD}.Debug|x86.ActiveCfg = Debug|Any CPU
		{69EDE2B2-F2CC-4560-B114-3F35E09032CD}.Debug|x86.Build.0 = Debug|Any CPU
		{69EDE2B2-F2CC-4560-B114-3F35E09032CD}.Release|Any CPU.ActiveCfg = Release|Any CPU
		{69EDE2B2-F2CC-4560-B114-3F35E09032CD}.Release|Any CPU.Build.0 = Release|Any CPU
		{69EDE2B2-F2CC-4560-B114-3F35E09032CD}.Release|x64.ActiveCfg = Release|Any CPU
		{69EDE2B2-F2CC-4560-B114-3F35E09032CD}.Release|x64.Build.0 = Release|Any CPU
		{69EDE2B2-F2CC-4560-B114-3F35E09032CD}.Release|x86.ActiveCfg = Release|Any CPU
		{69EDE2B2-F2CC-4560-B114-3F35E09032CD}.Release|x86.Build.0 = Release|Any CPU
		{B4D4D30B-C60E-4994-806F-42073D5EF41B}.Debug|Any CPU.ActiveCfg = Debug|Any CPU
		{B4D4D30B-C60E-4994-806F-42073D5EF41B}.Debug|Any CPU.Build.0 = Debug|Any CPU
		{B4D4D30B-C60E-4994-806F-42073D5EF41B}.Debug|x64.ActiveCfg = Debug|Any CPU
		{B4D4D30B-C60E-4994-806F-42073D5EF41B}.Debug|x64.Build.0 = Debug|Any CPU
		{B4D4D30B-C60E-4994-806F-42073D5EF41B}.Debug|x86.ActiveCfg = Debug|Any CPU
		{B4D4D30B-C60E-4994-806F-42073D5EF41B}.Debug|x86.Build.0 = Debug|Any CPU
		{B4D4D30B-C60E-4994-806F-42073D5EF41B}.Release|Any CPU.ActiveCfg = Release|Any CPU
		{B4D4D30B-C60E-4994-806F-42073D5EF41B}.Release|Any CPU.Build.0 = Release|Any CPU
		{B4D4D30B-C60E-4994-806F-42073D5EF41B}.Release|x64.ActiveCfg = Release|Any CPU
		{B4D4D30B-C60E-4994-806F-42073D5EF41B}.Release|x64.Build.0 = Release|Any CPU
		{B4D4D30B-C60E-4994-806F-42073D5EF41B}.Release|x86.ActiveCfg = Release|Any CPU
		{B4D4D30B-C60E-4994-806F-42073D5EF41B}.Release|x86.Build.0 = Release|Any CPU
		{EA2DCD25-F95E-417E-9443-75BAD9312939}.Debug|Any CPU.ActiveCfg = Debug|Any CPU
		{EA2DCD25-F95E-417E-9443-75BAD9312939}.Debug|Any CPU.Build.0 = Debug|Any CPU
		{EA2DCD25-F95E-417E-9443-75BAD9312939}.Debug|x64.ActiveCfg = Debug|Any CPU
		{EA2DCD25-F95E-417E-9443-75BAD9312939}.Debug|x64.Build.0 = Debug|Any CPU
		{EA2DCD25-F95E-417E-9443-75BAD9312939}.Debug|x86.ActiveCfg = Debug|Any CPU
		{EA2DCD25-F95E-417E-9443-75BAD9312939}.Debug|x86.Build.0 = Debug|Any CPU
		{EA2DCD25-F95E-417E-9443-75BAD9312939}.Release|Any CPU.ActiveCfg = Release|Any CPU
		{EA2DCD25-F95E-417E-9443-75BAD9312939}.Release|Any CPU.Build.0 = Release|Any CPU
		{EA2DCD25-F95E-417E-9443-75BAD9312939}.Release|x64.ActiveCfg = Release|Any CPU
		{EA2DCD25-F95E-417E-9443-75BAD9312939}.Release|x64.Build.0 = Release|Any CPU
		{EA2DCD25-F95E-417E-9443-75BAD9312939}.Release|x86.ActiveCfg = Release|Any CPU
		{EA2DCD25-F95E-417E-9443-75BAD9312939}.Release|x86.Build.0 = Release|Any CPU
		{C2791F96-2F7A-4BC7-8CB2-63C2C3B1AF86}.Debug|Any CPU.ActiveCfg = Debug|Any CPU
		{C2791F96-2F7A-4BC7-8CB2-63C2C3B1AF86}.Debug|Any CPU.Build.0 = Debug|Any CPU
		{C2791F96-2F7A-4BC7-8CB2-63C2C3B1AF86}.Debug|x64.ActiveCfg = Debug|Any CPU
		{C2791F96-2F7A-4BC7-8CB2-63C2C3B1AF86}.Debug|x64.Build.0 = Debug|Any CPU
		{C2791F96-2F7A-4BC7-8CB2-63C2C3B1AF86}.Debug|x86.ActiveCfg = Debug|Any CPU
		{C2791F96-2F7A-4BC7-8CB2-63C2C3B1AF86}.Debug|x86.Build.0 = Debug|Any CPU
		{C2791F96-2F7A-4BC7-8CB2-63C2C3B1AF86}.Release|Any CPU.ActiveCfg = Release|Any CPU
		{C2791F96-2F7A-4BC7-8CB2-63C2C3B1AF86}.Release|Any CPU.Build.0 = Release|Any CPU
		{C2791F96-2F7A-4BC7-8CB2-63C2C3B1AF86}.Release|x64.ActiveCfg = Release|Any CPU
		{C2791F96-2F7A-4BC7-8CB2-63C2C3B1AF86}.Release|x64.Build.0 = Release|Any CPU
		{C2791F96-2F7A-4BC7-8CB2-63C2C3B1AF86}.Release|x86.ActiveCfg = Release|Any CPU
		{C2791F96-2F7A-4BC7-8CB2-63C2C3B1AF86}.Release|x86.Build.0 = Release|Any CPU
	EndGlobalSection
	GlobalSection(NestedProjects) = preSolution
		{69EDE2B2-F2CC-4560-B114-3F35E09032CD} = {BBBDFD12-EBE3-47CF-9D13-95D8470240C6}
		{B4D4D30B-C60E-4994-806F-42073D5EF41B} = {BBBDFD12-EBE3-47CF-9D13-95D8470240C6}
		{EA2DCD25-F95E-417E-9443-75BAD9312939} = {BBBDFD12-EBE3-47CF-9D13-95D8470240C6}
		{C2791F96-2F7A-4BC7-8CB2-63C2C3B1AF86} = {BBBDFD12-EBE3-47CF-9D13-95D8470240C6}
	EndGlobalSection
EndGlobal
